// !$*UTF8*$!
{
	archiveVersion = 1;
	classes = {
	};
	objectVersion = 46;
	objects = {

/* Begin PBXBuildFile section */
		166C84981FDE9D2C00FBCAEB /* UserHeaderFooter.swift in Sources */ = {isa = PBXBuildFile; fileRef = 166C84971FDE9D2C00FBCAEB /* UserHeaderFooter.swift */; };
		166C84CD1FDE9DA600FBCAEB /* ActivityUserCell.swift in Sources */ = {isa = PBXBuildFile; fileRef = 166C84991FDE9D9B00FBCAEB /* ActivityUserCell.swift */; };
		166C84CE1FDE9DA600FBCAEB /* ActivityUser.swift in Sources */ = {isa = PBXBuildFile; fileRef = 166C849A1FDE9D9B00FBCAEB /* ActivityUser.swift */; };
		166C84CF1FDE9DA600FBCAEB /* Extension.swift in Sources */ = {isa = PBXBuildFile; fileRef = 166C849B1FDE9D9B00FBCAEB /* Extension.swift */; };
		166C84D01FDE9DA600FBCAEB /* UserProfileController.swift in Sources */ = {isa = PBXBuildFile; fileRef = 166C849C1FDE9D9B00FBCAEB /* UserProfileController.swift */; };
		166C84D11FDE9DA600FBCAEB /* StatusPhotosController.swift in Sources */ = {isa = PBXBuildFile; fileRef = 166C849D1FDE9D9C00FBCAEB /* StatusPhotosController.swift */; };
		166C84D21FDE9DA600FBCAEB /* AppDelegate.swift in Sources */ = {isa = PBXBuildFile; fileRef = 166C849E1FDE9D9C00FBCAEB /* AppDelegate.swift */; };
		166C84D31FDE9DA600FBCAEB /* TabBarController.swift in Sources */ = {isa = PBXBuildFile; fileRef = 166C849F1FDE9D9C00FBCAEB /* TabBarController.swift */; };
		166C84D41FDE9DA600FBCAEB /* MyProfileController.swift in Sources */ = {isa = PBXBuildFile; fileRef = 166C84A01FDE9D9C00FBCAEB /* MyProfileController.swift */; };
		166C84D51FDE9DA600FBCAEB /* MessageController.swift in Sources */ = {isa = PBXBuildFile; fileRef = 166C84A11FDE9D9C00FBCAEB /* MessageController.swift */; };
		166C84D61FDE9DA600FBCAEB /* HomeDatasources.swift in Sources */ = {isa = PBXBuildFile; fileRef = 166C84A21FDE9D9C00FBCAEB /* HomeDatasources.swift */; };
		166C84D71FDE9DA600FBCAEB /* ChatLogControllerHandler2.swift in Sources */ = {isa = PBXBuildFile; fileRef = 166C84A31FDE9D9C00FBCAEB /* ChatLogControllerHandler2.swift */; };
		166C84D81FDE9DA600FBCAEB /* PhotoLibraryController.swift in Sources */ = {isa = PBXBuildFile; fileRef = 166C84A41FDE9D9C00FBCAEB /* PhotoLibraryController.swift */; };
		166C84D91FDE9DA600FBCAEB /* LogginControllerHandler.swift in Sources */ = {isa = PBXBuildFile; fileRef = 166C84A51FDE9D9C00FBCAEB /* LogginControllerHandler.swift */; };
		166C84DA1FDE9DA600FBCAEB /* ChatLogController.swift in Sources */ = {isa = PBXBuildFile; fileRef = 166C84A61FDE9D9D00FBCAEB /* ChatLogController.swift */; };
		166C84DB1FDE9DA600FBCAEB /* ChatLogControllerHandler3.swift in Sources */ = {isa = PBXBuildFile; fileRef = 166C84A71FDE9D9D00FBCAEB /* ChatLogControllerHandler3.swift */; };
		166C84DC1FDE9DA600FBCAEB /* PhotoLibrarycell.swift in Sources */ = {isa = PBXBuildFile; fileRef = 166C84A81FDE9D9D00FBCAEB /* PhotoLibrarycell.swift */; };
		166C84DD1FDE9DA600FBCAEB /* ActivityCell.swift in Sources */ = {isa = PBXBuildFile; fileRef = 166C84A91FDE9D9D00FBCAEB /* ActivityCell.swift */; };
		166C84DE1FDE9DA600FBCAEB /* SettingCell.swift in Sources */ = {isa = PBXBuildFile; fileRef = 166C84AA1FDE9D9D00FBCAEB /* SettingCell.swift */; };
		166C84DF1FDE9DA600FBCAEB /* SettingLauncherController.swift in Sources */ = {isa = PBXBuildFile; fileRef = 166C84AB1FDE9D9D00FBCAEB /* SettingLauncherController.swift */; };
		166C84E01FDE9DA600FBCAEB /* Message.swift in Sources */ = {isa = PBXBuildFile; fileRef = 166C84AC1FDE9D9D00FBCAEB /* Message.swift */; };
		166C84E11FDE9DA600FBCAEB /* HomeDataSourceController.swift in Sources */ = {isa = PBXBuildFile; fileRef = 166C84AD1FDE9D9E00FBCAEB /* HomeDataSourceController.swift */; };
		166C84E21FDE9DA600FBCAEB /* UserPhotosCollectionController.swift in Sources */ = {isa = PBXBuildFile; fileRef = 166C84AE1FDE9D9E00FBCAEB /* UserPhotosCollectionController.swift */; };
		166C84E31FDE9DA600FBCAEB /* ChatLogControllerHandler.swift in Sources */ = {isa = PBXBuildFile; fileRef = 166C84AF1FDE9D9E00FBCAEB /* ChatLogControllerHandler.swift */; };
		166C84E41FDE9DA600FBCAEB /* PageViewController.swift in Sources */ = {isa = PBXBuildFile; fileRef = 166C84B01FDE9D9E00FBCAEB /* PageViewController.swift */; };
		166C84E51FDE9DA600FBCAEB /* PhotoLocationController.swift in Sources */ = {isa = PBXBuildFile; fileRef = 166C84B11FDE9D9E00FBCAEB /* PhotoLocationController.swift */; };
		166C84E61FDE9DA600FBCAEB /* YoutubeViewController.swift in Sources */ = {isa = PBXBuildFile; fileRef = 166C84B21FDE9D9E00FBCAEB /* YoutubeViewController.swift */; };
		166C84E71FDE9DA600FBCAEB /* GroupListController.swift in Sources */ = {isa = PBXBuildFile; fileRef = 166C84B31FDE9D9E00FBCAEB /* GroupListController.swift */; };
		166C84E81FDE9DA600FBCAEB /* HomeController.swift in Sources */ = {isa = PBXBuildFile; fileRef = 166C84B41FDE9D9F00FBCAEB /* HomeController.swift */; };
		166C84EA1FDE9DA600FBCAEB /* VideoCell.swift in Sources */ = {isa = PBXBuildFile; fileRef = 166C84B61FDE9D9F00FBCAEB /* VideoCell.swift */; };
		166C84EB1FDE9DA600FBCAEB /* FireBaseManager.swift in Sources */ = {isa = PBXBuildFile; fileRef = 166C84B71FDE9D9F00FBCAEB /* FireBaseManager.swift */; };
		166C84EC1FDE9DA600FBCAEB /* GoogleMapViewController.swift in Sources */ = {isa = PBXBuildFile; fileRef = 166C84B81FDE9D9F00FBCAEB /* GoogleMapViewController.swift */; };
		166C84ED1FDE9DA600FBCAEB /* UserCell.swift in Sources */ = {isa = PBXBuildFile; fileRef = 166C84B91FDE9D9F00FBCAEB /* UserCell.swift */; };
		166C84EE1FDE9DA600FBCAEB /* LoginController.swift in Sources */ = {isa = PBXBuildFile; fileRef = 166C84BA1FDE9DA000FBCAEB /* LoginController.swift */; };
		166C84EF1FDE9DA600FBCAEB /* User.swift in Sources */ = {isa = PBXBuildFile; fileRef = 166C84BB1FDE9DA000FBCAEB /* User.swift */; };
		166C84F11FDE9DA600FBCAEB /* VideoLauncher.swift in Sources */ = {isa = PBXBuildFile; fileRef = 166C84BD1FDE9DA000FBCAEB /* VideoLauncher.swift */; };
		166C84F21FDE9DA600FBCAEB /* ChatMessageCell.swift in Sources */ = {isa = PBXBuildFile; fileRef = 166C84BE1FDE9DA000FBCAEB /* ChatMessageCell.swift */; };
		166C84F31FDE9DA600FBCAEB /* Tweet.swift in Sources */ = {isa = PBXBuildFile; fileRef = 166C84BF1FDE9DA100FBCAEB /* Tweet.swift */; };
		166C84F41FDE9DA600FBCAEB /* Group.swift in Sources */ = {isa = PBXBuildFile; fileRef = 166C84C01FDE9DA300FBCAEB /* Group.swift */; };
		166C84F51FDE9DA600FBCAEB /* TabBarItem2Controller.swift in Sources */ = {isa = PBXBuildFile; fileRef = 166C84C11FDE9DA400FBCAEB /* TabBarItem2Controller.swift */; };
		166C84F61FDE9DA600FBCAEB /* Video.swift in Sources */ = {isa = PBXBuildFile; fileRef = 166C84C21FDE9DA400FBCAEB /* Video.swift */; };
		166C84F71FDE9DA600FBCAEB /* WritingStatusController.swift in Sources */ = {isa = PBXBuildFile; fileRef = 166C84C31FDE9DA400FBCAEB /* WritingStatusController.swift */; };
		166C84F81FDE9DA600FBCAEB /* UserStatusCollectionController.swift in Sources */ = {isa = PBXBuildFile; fileRef = 166C84C41FDE9DA500FBCAEB /* UserStatusCollectionController.swift */; };
		166C84F91FDE9DA600FBCAEB /* MessageDetailController.swift in Sources */ = {isa = PBXBuildFile; fileRef = 166C84C51FDE9DA500FBCAEB /* MessageDetailController.swift */; };
		166C84FA1FDE9DA600FBCAEB /* AudioRecordedController.swift in Sources */ = {isa = PBXBuildFile; fileRef = 166C84C61FDE9DA500FBCAEB /* AudioRecordedController.swift */; };
		166C84FB1FDE9DA700FBCAEB /* RegisterGroupController.swift in Sources */ = {isa = PBXBuildFile; fileRef = 166C84C71FDE9DA500FBCAEB /* RegisterGroupController.swift */; };
		166C84FC1FDE9DA700FBCAEB /* FriendListController.swift in Sources */ = {isa = PBXBuildFile; fileRef = 166C84C81FDE9DA500FBCAEB /* FriendListController.swift */; };
		166C84FD1FDE9DA700FBCAEB /* StatusANDPhotosController.swift in Sources */ = {isa = PBXBuildFile; fileRef = 166C84C91FDE9DA600FBCAEB /* StatusANDPhotosController.swift */; };
		166C84FE1FDE9DA700FBCAEB /* Activity.swift in Sources */ = {isa = PBXBuildFile; fileRef = 166C84CA1FDE9DA600FBCAEB /* Activity.swift */; };
		166C84FF1FDE9DA700FBCAEB /* TweetUser.swift in Sources */ = {isa = PBXBuildFile; fileRef = 166C84CB1FDE9DA600FBCAEB /* TweetUser.swift */; };
		166C85001FDE9DA700FBCAEB /* UserStatus.swift in Sources */ = {isa = PBXBuildFile; fileRef = 166C84CC1FDE9DA600FBCAEB /* UserStatus.swift */; };
		166C85021FDE9DEC00FBCAEB /* Assets.xcassets in Resources */ = {isa = PBXBuildFile; fileRef = 166C85011FDE9DE700FBCAEB /* Assets.xcassets */; };
		166C850D1FDE9E9000FBCAEB /* GoogleService-Info.plist in Resources */ = {isa = PBXBuildFile; fileRef = 166C850B1FDE9E9000FBCAEB /* GoogleService-Info.plist */; };
		166C850E1FDE9E9000FBCAEB /* Info.plist in Resources */ = {isa = PBXBuildFile; fileRef = 166C850C1FDE9E9000FBCAEB /* Info.plist */; };
		166C85121FDE9FC900FBCAEB /* Main.storyboard in Resources */ = {isa = PBXBuildFile; fileRef = 166C850F1FDE9FC800FBCAEB /* Main.storyboard */; };
		166C85131FDE9FC900FBCAEB /* LaunchScreen.storyboard in Resources */ = {isa = PBXBuildFile; fileRef = 166C85101FDE9FC800FBCAEB /* LaunchScreen.storyboard */; };
		2CF4E1B9ABF1FD97E7CE29E9 /* Pods_ChatApp.framework in Frameworks */ = {isa = PBXBuildFile; fileRef = B21D769DFEC6BF5864D9013A /* Pods_ChatApp.framework */; };
		57464E78C76B3FA03F2ED5BB /* Pods_ChatAppUITests.framework in Frameworks */ = {isa = PBXBuildFile; fileRef = B310CC0C32156EA247A7841C /* Pods_ChatAppUITests.framework */; };
		77471D370D7044CEB466BFB8 /* Pods_ChatAppTests.framework in Frameworks */ = {isa = PBXBuildFile; fileRef = 2FEA5F49EF027FA198175043 /* Pods_ChatAppTests.framework */; };
		7C35AF891FB959D400809C18 /* CoreLocation.framework in Frameworks */ = {isa = PBXBuildFile; fileRef = 7C35AF881FB959D400809C18 /* CoreLocation.framework */; };
		7C9FECCF1F9CD01F008327FB /* ChatAppTests.swift in Sources */ = {isa = PBXBuildFile; fileRef = 7C9FECCE1F9CD01F008327FB /* ChatAppTests.swift */; };
		7C9FECDA1F9CD01F008327FB /* ChatAppUITests.swift in Sources */ = {isa = PBXBuildFile; fileRef = 7C9FECD91F9CD01F008327FB /* ChatAppUITests.swift */; };
/* End PBXBuildFile section */

/* Begin PBXContainerItemProxy section */
		7C9FECCB1F9CD01F008327FB /* PBXContainerItemProxy */ = {
			isa = PBXContainerItemProxy;
			containerPortal = 7C9FECAE1F9CD01E008327FB /* Project object */;
			proxyType = 1;
			remoteGlobalIDString = 7C9FECB51F9CD01E008327FB;
			remoteInfo = ChatApp;
		};
		7C9FECD61F9CD01F008327FB /* PBXContainerItemProxy */ = {
			isa = PBXContainerItemProxy;
			containerPortal = 7C9FECAE1F9CD01E008327FB /* Project object */;
			proxyType = 1;
			remoteGlobalIDString = 7C9FECB51F9CD01E008327FB;
			remoteInfo = ChatApp;
		};
/* End PBXContainerItemProxy section */

/* Begin PBXFileReference section */
		015D7E884C2F7729F4A282D7 /* Pods-ChatApp.release.xcconfig */ = {isa = PBXFileReference; includeInIndex = 1; lastKnownFileType = text.xcconfig; name = "Pods-ChatApp.release.xcconfig"; path = "Pods/Target Support Files/Pods-ChatApp/Pods-ChatApp.release.xcconfig"; sourceTree = "<group>"; };
		166C84971FDE9D2C00FBCAEB /* UserHeaderFooter.swift */ = {isa = PBXFileReference; fileEncoding = 4; lastKnownFileType = sourcecode.swift; name = UserHeaderFooter.swift; path = "New Group/UserHeaderFooter.swift"; sourceTree = SOURCE_ROOT; };
		166C84991FDE9D9B00FBCAEB /* ActivityUserCell.swift */ = {isa = PBXFileReference; fileEncoding = 4; lastKnownFileType = sourcecode.swift; name = ActivityUserCell.swift; path = "New Group/ActivityUserCell.swift"; sourceTree = SOURCE_ROOT; };
		166C849A1FDE9D9B00FBCAEB /* ActivityUser.swift */ = {isa = PBXFileReference; fileEncoding = 4; lastKnownFileType = sourcecode.swift; name = ActivityUser.swift; path = "New Group/ActivityUser.swift"; sourceTree = SOURCE_ROOT; };
		166C849B1FDE9D9B00FBCAEB /* Extension.swift */ = {isa = PBXFileReference; fileEncoding = 4; lastKnownFileType = sourcecode.swift; name = Extension.swift; path = "New Group/Extension.swift"; sourceTree = SOURCE_ROOT; };
		166C849C1FDE9D9B00FBCAEB /* UserProfileController.swift */ = {isa = PBXFileReference; fileEncoding = 4; lastKnownFileType = sourcecode.swift; name = UserProfileController.swift; path = "New Group/UserProfileController.swift"; sourceTree = SOURCE_ROOT; };
		166C849D1FDE9D9C00FBCAEB /* StatusPhotosController.swift */ = {isa = PBXFileReference; fileEncoding = 4; lastKnownFileType = sourcecode.swift; name = StatusPhotosController.swift; path = "New Group/StatusPhotosController.swift"; sourceTree = SOURCE_ROOT; };
		166C849E1FDE9D9C00FBCAEB /* AppDelegate.swift */ = {isa = PBXFileReference; fileEncoding = 4; lastKnownFileType = sourcecode.swift; name = AppDelegate.swift; path = "New Group/AppDelegate.swift"; sourceTree = SOURCE_ROOT; };
		166C849F1FDE9D9C00FBCAEB /* TabBarController.swift */ = {isa = PBXFileReference; fileEncoding = 4; lastKnownFileType = sourcecode.swift; name = TabBarController.swift; path = "New Group/TabBarController.swift"; sourceTree = SOURCE_ROOT; };
		166C84A01FDE9D9C00FBCAEB /* MyProfileController.swift */ = {isa = PBXFileReference; fileEncoding = 4; lastKnownFileType = sourcecode.swift; name = MyProfileController.swift; path = "New Group/MyProfileController.swift"; sourceTree = SOURCE_ROOT; };
		166C84A11FDE9D9C00FBCAEB /* MessageController.swift */ = {isa = PBXFileReference; fileEncoding = 4; lastKnownFileType = sourcecode.swift; name = MessageController.swift; path = "New Group/MessageController.swift"; sourceTree = SOURCE_ROOT; };
		166C84A21FDE9D9C00FBCAEB /* HomeDatasources.swift */ = {isa = PBXFileReference; fileEncoding = 4; lastKnownFileType = sourcecode.swift; name = HomeDatasources.swift; path = "New Group/HomeDatasources.swift"; sourceTree = SOURCE_ROOT; };
		166C84A31FDE9D9C00FBCAEB /* ChatLogControllerHandler2.swift */ = {isa = PBXFileReference; fileEncoding = 4; lastKnownFileType = sourcecode.swift; name = ChatLogControllerHandler2.swift; path = "New Group/ChatLogControllerHandler2.swift"; sourceTree = SOURCE_ROOT; };
		166C84A41FDE9D9C00FBCAEB /* PhotoLibraryController.swift */ = {isa = PBXFileReference; fileEncoding = 4; lastKnownFileType = sourcecode.swift; name = PhotoLibraryController.swift; path = "New Group/PhotoLibraryController.swift"; sourceTree = SOURCE_ROOT; };
		166C84A51FDE9D9C00FBCAEB /* LogginControllerHandler.swift */ = {isa = PBXFileReference; fileEncoding = 4; lastKnownFileType = sourcecode.swift; name = LogginControllerHandler.swift; path = "New Group/LogginControllerHandler.swift"; sourceTree = SOURCE_ROOT; };
		166C84A61FDE9D9D00FBCAEB /* ChatLogController.swift */ = {isa = PBXFileReference; fileEncoding = 4; lastKnownFileType = sourcecode.swift; name = ChatLogController.swift; path = "New Group/ChatLogController.swift"; sourceTree = SOURCE_ROOT; };
		166C84A71FDE9D9D00FBCAEB /* ChatLogControllerHandler3.swift */ = {isa = PBXFileReference; fileEncoding = 4; lastKnownFileType = sourcecode.swift; name = ChatLogControllerHandler3.swift; path = "New Group/ChatLogControllerHandler3.swift"; sourceTree = SOURCE_ROOT; };
		166C84A81FDE9D9D00FBCAEB /* PhotoLibrarycell.swift */ = {isa = PBXFileReference; fileEncoding = 4; lastKnownFileType = sourcecode.swift; name = PhotoLibrarycell.swift; path = "New Group/PhotoLibrarycell.swift"; sourceTree = SOURCE_ROOT; };
		166C84A91FDE9D9D00FBCAEB /* ActivityCell.swift */ = {isa = PBXFileReference; fileEncoding = 4; lastKnownFileType = sourcecode.swift; name = ActivityCell.swift; path = "New Group/ActivityCell.swift"; sourceTree = SOURCE_ROOT; };
		166C84AA1FDE9D9D00FBCAEB /* SettingCell.swift */ = {isa = PBXFileReference; fileEncoding = 4; lastKnownFileType = sourcecode.swift; name = SettingCell.swift; path = "New Group/SettingCell.swift"; sourceTree = SOURCE_ROOT; };
		166C84AB1FDE9D9D00FBCAEB /* SettingLauncherController.swift */ = {isa = PBXFileReference; fileEncoding = 4; lastKnownFileType = sourcecode.swift; name = SettingLauncherController.swift; path = "New Group/SettingLauncherController.swift"; sourceTree = SOURCE_ROOT; };
		166C84AC1FDE9D9D00FBCAEB /* Message.swift */ = {isa = PBXFileReference; fileEncoding = 4; lastKnownFileType = sourcecode.swift; name = Message.swift; path = "New Group/Message.swift"; sourceTree = SOURCE_ROOT; };
		166C84AD1FDE9D9E00FBCAEB /* HomeDataSourceController.swift */ = {isa = PBXFileReference; fileEncoding = 4; lastKnownFileType = sourcecode.swift; name = HomeDataSourceController.swift; path = "New Group/HomeDataSourceController.swift"; sourceTree = SOURCE_ROOT; };
		166C84AE1FDE9D9E00FBCAEB /* UserPhotosCollectionController.swift */ = {isa = PBXFileReference; fileEncoding = 4; lastKnownFileType = sourcecode.swift; name = UserPhotosCollectionController.swift; path = "New Group/UserPhotosCollectionController.swift"; sourceTree = SOURCE_ROOT; };
		166C84AF1FDE9D9E00FBCAEB /* ChatLogControllerHandler.swift */ = {isa = PBXFileReference; fileEncoding = 4; lastKnownFileType = sourcecode.swift; name = ChatLogControllerHandler.swift; path = "New Group/ChatLogControllerHandler.swift"; sourceTree = SOURCE_ROOT; };
		166C84B01FDE9D9E00FBCAEB /* PageViewController.swift */ = {isa = PBXFileReference; fileEncoding = 4; lastKnownFileType = sourcecode.swift; name = PageViewController.swift; path = "New Group/PageViewController.swift"; sourceTree = SOURCE_ROOT; };
		166C84B11FDE9D9E00FBCAEB /* PhotoLocationController.swift */ = {isa = PBXFileReference; fileEncoding = 4; lastKnownFileType = sourcecode.swift; name = PhotoLocationController.swift; path = "New Group/PhotoLocationController.swift"; sourceTree = SOURCE_ROOT; };
		166C84B21FDE9D9E00FBCAEB /* YoutubeViewController.swift */ = {isa = PBXFileReference; fileEncoding = 4; lastKnownFileType = sourcecode.swift; name = YoutubeViewController.swift; path = "New Group/YoutubeViewController.swift"; sourceTree = SOURCE_ROOT; };
		166C84B31FDE9D9E00FBCAEB /* GroupListController.swift */ = {isa = PBXFileReference; fileEncoding = 4; lastKnownFileType = sourcecode.swift; name = GroupListController.swift; path = "New Group/GroupListController.swift"; sourceTree = SOURCE_ROOT; };
		166C84B41FDE9D9F00FBCAEB /* HomeController.swift */ = {isa = PBXFileReference; fileEncoding = 4; lastKnownFileType = sourcecode.swift; name = HomeController.swift; path = "New Group/HomeController.swift"; sourceTree = SOURCE_ROOT; };
		166C84B61FDE9D9F00FBCAEB /* VideoCell.swift */ = {isa = PBXFileReference; fileEncoding = 4; lastKnownFileType = sourcecode.swift; name = VideoCell.swift; path = "New Group/VideoCell.swift"; sourceTree = SOURCE_ROOT; };
		166C84B71FDE9D9F00FBCAEB /* FireBaseManager.swift */ = {isa = PBXFileReference; fileEncoding = 4; lastKnownFileType = sourcecode.swift; name = FireBaseManager.swift; path = "New Group/FireBaseManager.swift"; sourceTree = SOURCE_ROOT; };
		166C84B81FDE9D9F00FBCAEB /* GoogleMapViewController.swift */ = {isa = PBXFileReference; fileEncoding = 4; lastKnownFileType = sourcecode.swift; name = GoogleMapViewController.swift; path = "New Group/GoogleMapViewController.swift"; sourceTree = SOURCE_ROOT; };
		166C84B91FDE9D9F00FBCAEB /* UserCell.swift */ = {isa = PBXFileReference; fileEncoding = 4; lastKnownFileType = sourcecode.swift; name = UserCell.swift; path = "New Group/UserCell.swift"; sourceTree = SOURCE_ROOT; };
		166C84BA1FDE9DA000FBCAEB /* LoginController.swift */ = {isa = PBXFileReference; fileEncoding = 4; lastKnownFileType = sourcecode.swift; name = LoginController.swift; path = "New Group/LoginController.swift"; sourceTree = SOURCE_ROOT; };
		166C84BB1FDE9DA000FBCAEB /* User.swift */ = {isa = PBXFileReference; fileEncoding = 4; lastKnownFileType = sourcecode.swift; name = User.swift; path = "New Group/User.swift"; sourceTree = SOURCE_ROOT; };
		166C84BD1FDE9DA000FBCAEB /* VideoLauncher.swift */ = {isa = PBXFileReference; fileEncoding = 4; lastKnownFileType = sourcecode.swift; name = VideoLauncher.swift; path = "New Group/VideoLauncher.swift"; sourceTree = SOURCE_ROOT; };
		166C84BE1FDE9DA000FBCAEB /* ChatMessageCell.swift */ = {isa = PBXFileReference; fileEncoding = 4; lastKnownFileType = sourcecode.swift; name = ChatMessageCell.swift; path = "New Group/ChatMessageCell.swift"; sourceTree = SOURCE_ROOT; };
		166C84BF1FDE9DA100FBCAEB /* Tweet.swift */ = {isa = PBXFileReference; fileEncoding = 4; lastKnownFileType = sourcecode.swift; name = Tweet.swift; path = "New Group/Tweet.swift"; sourceTree = SOURCE_ROOT; };
		166C84C01FDE9DA300FBCAEB /* Group.swift */ = {isa = PBXFileReference; fileEncoding = 4; lastKnownFileType = sourcecode.swift; name = Group.swift; path = "New Group/Group.swift"; sourceTree = SOURCE_ROOT; };
		166C84C11FDE9DA400FBCAEB /* TabBarItem2Controller.swift */ = {isa = PBXFileReference; fileEncoding = 4; lastKnownFileType = sourcecode.swift; name = TabBarItem2Controller.swift; path = "New Group/TabBarItem2Controller.swift"; sourceTree = SOURCE_ROOT; };
		166C84C21FDE9DA400FBCAEB /* Video.swift */ = {isa = PBXFileReference; fileEncoding = 4; lastKnownFileType = sourcecode.swift; name = Video.swift; path = "New Group/Video.swift"; sourceTree = SOURCE_ROOT; };
		166C84C31FDE9DA400FBCAEB /* WritingStatusController.swift */ = {isa = PBXFileReference; fileEncoding = 4; lastKnownFileType = sourcecode.swift; name = WritingStatusController.swift; path = "New Group/WritingStatusController.swift"; sourceTree = SOURCE_ROOT; };
		166C84C41FDE9DA500FBCAEB /* UserStatusCollectionController.swift */ = {isa = PBXFileReference; fileEncoding = 4; lastKnownFileType = sourcecode.swift; name = UserStatusCollectionController.swift; path = "New Group/UserStatusCollectionController.swift"; sourceTree = SOURCE_ROOT; };
		166C84C51FDE9DA500FBCAEB /* MessageDetailController.swift */ = {isa = PBXFileReference; fileEncoding = 4; lastKnownFileType = sourcecode.swift; name = MessageDetailController.swift; path = "New Group/MessageDetailController.swift"; sourceTree = SOURCE_ROOT; };
		166C84C61FDE9DA500FBCAEB /* AudioRecordedController.swift */ = {isa = PBXFileReference; fileEncoding = 4; lastKnownFileType = sourcecode.swift; name = AudioRecordedController.swift; path = "New Group/AudioRecordedController.swift"; sourceTree = SOURCE_ROOT; };
		166C84C71FDE9DA500FBCAEB /* RegisterGroupController.swift */ = {isa = PBXFileReference; fileEncoding = 4; lastKnownFileType = sourcecode.swift; name = RegisterGroupController.swift; path = "New Group/RegisterGroupController.swift"; sourceTree = SOURCE_ROOT; };
		166C84C81FDE9DA500FBCAEB /* FriendListController.swift */ = {isa = PBXFileReference; fileEncoding = 4; lastKnownFileType = sourcecode.swift; name = FriendListController.swift; path = "New Group/FriendListController.swift"; sourceTree = SOURCE_ROOT; };
		166C84C91FDE9DA600FBCAEB /* StatusANDPhotosController.swift */ = {isa = PBXFileReference; fileEncoding = 4; lastKnownFileType = sourcecode.swift; name = StatusANDPhotosController.swift; path = "New Group/StatusANDPhotosController.swift"; sourceTree = SOURCE_ROOT; };
		166C84CA1FDE9DA600FBCAEB /* Activity.swift */ = {isa = PBXFileReference; fileEncoding = 4; lastKnownFileType = sourcecode.swift; name = Activity.swift; path = "New Group/Activity.swift"; sourceTree = SOURCE_ROOT; };
		166C84CB1FDE9DA600FBCAEB /* TweetUser.swift */ = {isa = PBXFileReference; fileEncoding = 4; lastKnownFileType = sourcecode.swift; name = TweetUser.swift; path = "New Group/TweetUser.swift"; sourceTree = SOURCE_ROOT; };
		166C84CC1FDE9DA600FBCAEB /* UserStatus.swift */ = {isa = PBXFileReference; fileEncoding = 4; lastKnownFileType = sourcecode.swift; name = UserStatus.swift; path = "New Group/UserStatus.swift"; sourceTree = SOURCE_ROOT; };
		166C85011FDE9DE700FBCAEB /* Assets.xcassets */ = {isa = PBXFileReference; lastKnownFileType = folder.assetcatalog; name = Assets.xcassets; path = chat/Assets.xcassets; sourceTree = "<group>"; };
		166C850B1FDE9E9000FBCAEB /* GoogleService-Info.plist */ = {isa = PBXFileReference; fileEncoding = 4; lastKnownFileType = text.plist.xml; path = "GoogleService-Info.plist"; sourceTree = "<group>"; };
		166C850C1FDE9E9000FBCAEB /* Info.plist */ = {isa = PBXFileReference; fileEncoding = 4; lastKnownFileType = text.plist.xml; path = Info.plist; sourceTree = "<group>"; };
		166C850F1FDE9FC800FBCAEB /* Main.storyboard */ = {isa = PBXFileReference; fileEncoding = 4; lastKnownFileType = file.storyboard; path = Main.storyboard; sourceTree = "<group>"; };
		166C85101FDE9FC800FBCAEB /* LaunchScreen.storyboard */ = {isa = PBXFileReference; fileEncoding = 4; lastKnownFileType = file.storyboard; path = LaunchScreen.storyboard; sourceTree = "<group>"; };
		166C85111FDE9FC900FBCAEB /* ChatApp.entitlements */ = {isa = PBXFileReference; fileEncoding = 4; lastKnownFileType = text.plist.entitlements; path = ChatApp.entitlements; sourceTree = "<group>"; };
		2FEA5F49EF027FA198175043 /* Pods_ChatAppTests.framework */ = {isa = PBXFileReference; explicitFileType = wrapper.framework; includeInIndex = 0; path = Pods_ChatAppTests.framework; sourceTree = BUILT_PRODUCTS_DIR; };
		39342A728C9C5464FB75E006 /* Pods-ChatAppUITests.release.xcconfig */ = {isa = PBXFileReference; includeInIndex = 1; lastKnownFileType = text.xcconfig; name = "Pods-ChatAppUITests.release.xcconfig"; path = "Pods/Target Support Files/Pods-ChatAppUITests/Pods-ChatAppUITests.release.xcconfig"; sourceTree = "<group>"; };
		43522C1DB0BFE4C87F297001 /* Pods-ChatAppTests.release.xcconfig */ = {isa = PBXFileReference; includeInIndex = 1; lastKnownFileType = text.xcconfig; name = "Pods-ChatAppTests.release.xcconfig"; path = "Pods/Target Support Files/Pods-ChatAppTests/Pods-ChatAppTests.release.xcconfig"; sourceTree = "<group>"; };
		7C35AF881FB959D400809C18 /* CoreLocation.framework */ = {isa = PBXFileReference; lastKnownFileType = wrapper.framework; name = CoreLocation.framework; path = System/Library/Frameworks/CoreLocation.framework; sourceTree = SDKROOT; };
		7C9FECB61F9CD01E008327FB /* ChatApp.app */ = {isa = PBXFileReference; explicitFileType = wrapper.application; includeInIndex = 0; path = ChatApp.app; sourceTree = BUILT_PRODUCTS_DIR; };
		7C9FECCA1F9CD01F008327FB /* ChatAppTests.xctest */ = {isa = PBXFileReference; explicitFileType = wrapper.cfbundle; includeInIndex = 0; path = ChatAppTests.xctest; sourceTree = BUILT_PRODUCTS_DIR; };
		7C9FECCE1F9CD01F008327FB /* ChatAppTests.swift */ = {isa = PBXFileReference; lastKnownFileType = sourcecode.swift; path = ChatAppTests.swift; sourceTree = "<group>"; };
		7C9FECD01F9CD01F008327FB /* Info.plist */ = {isa = PBXFileReference; lastKnownFileType = text.plist.xml; path = Info.plist; sourceTree = "<group>"; };
		7C9FECD51F9CD01F008327FB /* ChatAppUITests.xctest */ = {isa = PBXFileReference; explicitFileType = wrapper.cfbundle; includeInIndex = 0; path = ChatAppUITests.xctest; sourceTree = BUILT_PRODUCTS_DIR; };
		7C9FECD91F9CD01F008327FB /* ChatAppUITests.swift */ = {isa = PBXFileReference; lastKnownFileType = sourcecode.swift; path = ChatAppUITests.swift; sourceTree = "<group>"; };
		7C9FECDB1F9CD01F008327FB /* Info.plist */ = {isa = PBXFileReference; lastKnownFileType = text.plist.xml; path = Info.plist; sourceTree = "<group>"; };
		B21D769DFEC6BF5864D9013A /* Pods_ChatApp.framework */ = {isa = PBXFileReference; explicitFileType = wrapper.framework; includeInIndex = 0; path = Pods_ChatApp.framework; sourceTree = BUILT_PRODUCTS_DIR; };
		B310CC0C32156EA247A7841C /* Pods_ChatAppUITests.framework */ = {isa = PBXFileReference; explicitFileType = wrapper.framework; includeInIndex = 0; path = Pods_ChatAppUITests.framework; sourceTree = BUILT_PRODUCTS_DIR; };
		B38BA8847E4BF1C8E29E1E4F /* Pods-ChatApp.debug.xcconfig */ = {isa = PBXFileReference; includeInIndex = 1; lastKnownFileType = text.xcconfig; name = "Pods-ChatApp.debug.xcconfig"; path = "Pods/Target Support Files/Pods-ChatApp/Pods-ChatApp.debug.xcconfig"; sourceTree = "<group>"; };
		B390D7513FF82477ABF9DA44 /* Pods-ChatAppUITests.debug.xcconfig */ = {isa = PBXFileReference; includeInIndex = 1; lastKnownFileType = text.xcconfig; name = "Pods-ChatAppUITests.debug.xcconfig"; path = "Pods/Target Support Files/Pods-ChatAppUITests/Pods-ChatAppUITests.debug.xcconfig"; sourceTree = "<group>"; };
		E0F70FE9756B3E0FE8E023D2 /* Pods-ChatAppTests.debug.xcconfig */ = {isa = PBXFileReference; includeInIndex = 1; lastKnownFileType = text.xcconfig; name = "Pods-ChatAppTests.debug.xcconfig"; path = "Pods/Target Support Files/Pods-ChatAppTests/Pods-ChatAppTests.debug.xcconfig"; sourceTree = "<group>"; };
/* End PBXFileReference section */

/* Begin PBXFrameworksBuildPhase section */
		7C9FECB31F9CD01E008327FB /* Frameworks */ = {
			isa = PBXFrameworksBuildPhase;
			buildActionMask = 2147483647;
			files = (
				7C35AF891FB959D400809C18 /* CoreLocation.framework in Frameworks */,
				2CF4E1B9ABF1FD97E7CE29E9 /* Pods_ChatApp.framework in Frameworks */,
			);
			runOnlyForDeploymentPostprocessing = 0;
		};
		7C9FECC71F9CD01F008327FB /* Frameworks */ = {
			isa = PBXFrameworksBuildPhase;
			buildActionMask = 2147483647;
			files = (
				77471D370D7044CEB466BFB8 /* Pods_ChatAppTests.framework in Frameworks */,
			);
			runOnlyForDeploymentPostprocessing = 0;
		};
		7C9FECD21F9CD01F008327FB /* Frameworks */ = {
			isa = PBXFrameworksBuildPhase;
			buildActionMask = 2147483647;
			files = (
				57464E78C76B3FA03F2ED5BB /* Pods_ChatAppUITests.framework in Frameworks */,
			);
			runOnlyForDeploymentPostprocessing = 0;
		};
/* End PBXFrameworksBuildPhase section */

/* Begin PBXGroup section */
		166C850A1FDE9E3200FBCAEB /* New Group */ = {
			isa = PBXGroup;
			children = (
				166C84CA1FDE9DA600FBCAEB /* Activity.swift */,
				166C84A91FDE9D9D00FBCAEB /* ActivityCell.swift */,
				166C849A1FDE9D9B00FBCAEB /* ActivityUser.swift */,
				166C84991FDE9D9B00FBCAEB /* ActivityUserCell.swift */,
				166C849E1FDE9D9C00FBCAEB /* AppDelegate.swift */,
				166C84C61FDE9DA500FBCAEB /* AudioRecordedController.swift */,
				166C84A61FDE9D9D00FBCAEB /* ChatLogController.swift */,
				166C84AF1FDE9D9E00FBCAEB /* ChatLogControllerHandler.swift */,
				166C84A31FDE9D9C00FBCAEB /* ChatLogControllerHandler2.swift */,
				166C84A71FDE9D9D00FBCAEB /* ChatLogControllerHandler3.swift */,
				166C84BE1FDE9DA000FBCAEB /* ChatMessageCell.swift */,
				166C849B1FDE9D9B00FBCAEB /* Extension.swift */,
				166C84B71FDE9D9F00FBCAEB /* FireBaseManager.swift */,
				166C84C81FDE9DA500FBCAEB /* FriendListController.swift */,
				166C84B81FDE9D9F00FBCAEB /* GoogleMapViewController.swift */,
				166C84C01FDE9DA300FBCAEB /* Group.swift */,
				166C84B31FDE9D9E00FBCAEB /* GroupListController.swift */,
				166C84B41FDE9D9F00FBCAEB /* HomeController.swift */,
				166C84AD1FDE9D9E00FBCAEB /* HomeDataSourceController.swift */,
				166C84A21FDE9D9C00FBCAEB /* HomeDatasources.swift */,
				166C84A51FDE9D9C00FBCAEB /* LogginControllerHandler.swift */,
				166C84BA1FDE9DA000FBCAEB /* LoginController.swift */,
				166C84AC1FDE9D9D00FBCAEB /* Message.swift */,
				166C84A11FDE9D9C00FBCAEB /* MessageController.swift */,
				166C84C51FDE9DA500FBCAEB /* MessageDetailController.swift */,
				166C84A01FDE9D9C00FBCAEB /* MyProfileController.swift */,
				166C84B01FDE9D9E00FBCAEB /* PageViewController.swift */,
				166C84A81FDE9D9D00FBCAEB /* PhotoLibrarycell.swift */,
				166C84A41FDE9D9C00FBCAEB /* PhotoLibraryController.swift */,
				166C84B11FDE9D9E00FBCAEB /* PhotoLocationController.swift */,
				166C84C71FDE9DA500FBCAEB /* RegisterGroupController.swift */,
				166C84AA1FDE9D9D00FBCAEB /* SettingCell.swift */,
				166C84AB1FDE9D9D00FBCAEB /* SettingLauncherController.swift */,
				166C84C91FDE9DA600FBCAEB /* StatusANDPhotosController.swift */,
				166C849D1FDE9D9C00FBCAEB /* StatusPhotosController.swift */,
				166C849F1FDE9D9C00FBCAEB /* TabBarController.swift */,
				166C84C11FDE9DA400FBCAEB /* TabBarItem2Controller.swift */,
				166C84BF1FDE9DA100FBCAEB /* Tweet.swift */,
				166C84CB1FDE9DA600FBCAEB /* TweetUser.swift */,
				166C84BB1FDE9DA000FBCAEB /* User.swift */,
				166C84B91FDE9D9F00FBCAEB /* UserCell.swift */,
				166C84AE1FDE9D9E00FBCAEB /* UserPhotosCollectionController.swift */,
				166C849C1FDE9D9B00FBCAEB /* UserProfileController.swift */,
				166C84CC1FDE9DA600FBCAEB /* UserStatus.swift */,
				166C84C41FDE9DA500FBCAEB /* UserStatusCollectionController.swift */,
				166C84C21FDE9DA400FBCAEB /* Video.swift */,
				166C84B61FDE9D9F00FBCAEB /* VideoCell.swift */,
				166C84BD1FDE9DA000FBCAEB /* VideoLauncher.swift */,
				166C84C31FDE9DA400FBCAEB /* WritingStatusController.swift */,
				166C84B21FDE9D9E00FBCAEB /* YoutubeViewController.swift */,
				166C84971FDE9D2C00FBCAEB /* UserHeaderFooter.swift */,
			);
			path = "New Group";
			sourceTree = "<group>";
		};
		6DA5B7494FF8201F701DAC56 /* Frameworks */ = {
			isa = PBXGroup;
			children = (
				7C35AF881FB959D400809C18 /* CoreLocation.framework */,
				B21D769DFEC6BF5864D9013A /* Pods_ChatApp.framework */,
				2FEA5F49EF027FA198175043 /* Pods_ChatAppTests.framework */,
				B310CC0C32156EA247A7841C /* Pods_ChatAppUITests.framework */,
			);
			name = Frameworks;
			sourceTree = "<group>";
		};
		7C9FECAD1F9CD01E008327FB = {
			isa = PBXGroup;
			children = (
				166C85111FDE9FC900FBCAEB /* ChatApp.entitlements */,
				166C85101FDE9FC800FBCAEB /* LaunchScreen.storyboard */,
				166C850F1FDE9FC800FBCAEB /* Main.storyboard */,
				166C850B1FDE9E9000FBCAEB /* GoogleService-Info.plist */,
				166C850C1FDE9E9000FBCAEB /* Info.plist */,
				166C850A1FDE9E3200FBCAEB /* New Group */,
				166C85011FDE9DE700FBCAEB /* Assets.xcassets */,
				7C9FECCD1F9CD01F008327FB /* ChatAppTests */,
				7C9FECD81F9CD01F008327FB /* ChatAppUITests */,
				7C9FECB71F9CD01E008327FB /* Products */,
				C6A8E41BEE7E1A75BAA16C3A /* Pods */,
				6DA5B7494FF8201F701DAC56 /* Frameworks */,
			);
			sourceTree = "<group>";
		};
		7C9FECB71F9CD01E008327FB /* Products */ = {
			isa = PBXGroup;
			children = (
				7C9FECB61F9CD01E008327FB /* ChatApp.app */,
				7C9FECCA1F9CD01F008327FB /* ChatAppTests.xctest */,
				7C9FECD51F9CD01F008327FB /* ChatAppUITests.xctest */,
			);
			name = Products;
			sourceTree = "<group>";
		};
		7C9FECCD1F9CD01F008327FB /* ChatAppTests */ = {
			isa = PBXGroup;
			children = (
				7C9FECCE1F9CD01F008327FB /* ChatAppTests.swift */,
				7C9FECD01F9CD01F008327FB /* Info.plist */,
			);
			path = ChatAppTests;
			sourceTree = "<group>";
		};
		7C9FECD81F9CD01F008327FB /* ChatAppUITests */ = {
			isa = PBXGroup;
			children = (
				7C9FECD91F9CD01F008327FB /* ChatAppUITests.swift */,
				7C9FECDB1F9CD01F008327FB /* Info.plist */,
			);
			path = ChatAppUITests;
			sourceTree = "<group>";
		};
		C6A8E41BEE7E1A75BAA16C3A /* Pods */ = {
			isa = PBXGroup;
			children = (
				B38BA8847E4BF1C8E29E1E4F /* Pods-ChatApp.debug.xcconfig */,
				015D7E884C2F7729F4A282D7 /* Pods-ChatApp.release.xcconfig */,
				E0F70FE9756B3E0FE8E023D2 /* Pods-ChatAppTests.debug.xcconfig */,
				43522C1DB0BFE4C87F297001 /* Pods-ChatAppTests.release.xcconfig */,
				B390D7513FF82477ABF9DA44 /* Pods-ChatAppUITests.debug.xcconfig */,
				39342A728C9C5464FB75E006 /* Pods-ChatAppUITests.release.xcconfig */,
			);
			name = Pods;
			sourceTree = "<group>";
		};
/* End PBXGroup section */

/* Begin PBXNativeTarget section */
		7C9FECB51F9CD01E008327FB /* ChatApp */ = {
			isa = PBXNativeTarget;
			buildConfigurationList = 7C9FECDE1F9CD01F008327FB /* Build configuration list for PBXNativeTarget "ChatApp" */;
			buildPhases = (
				B29064B0869661F8AEEF6E50 /* [CP] Check Pods Manifest.lock */,
				7C9FECB21F9CD01E008327FB /* Sources */,
				7C9FECB31F9CD01E008327FB /* Frameworks */,
				7C9FECB41F9CD01E008327FB /* Resources */,
				3E7D6D2208CD9BA21269573B /* [CP] Embed Pods Frameworks */,
				FBCB1A75E0D7E7E2EC49645E /* [CP] Copy Pods Resources */,
			);
			buildRules = (
			);
			dependencies = (
			);
			name = ChatApp;
			productName = ChatApp;
			productReference = 7C9FECB61F9CD01E008327FB /* ChatApp.app */;
			productType = "com.apple.product-type.application";
		};
		7C9FECC91F9CD01F008327FB /* ChatAppTests */ = {
			isa = PBXNativeTarget;
			buildConfigurationList = 7C9FECE11F9CD01F008327FB /* Build configuration list for PBXNativeTarget "ChatAppTests" */;
			buildPhases = (
				A56E4A9348AEFA818006864D /* [CP] Check Pods Manifest.lock */,
				7C9FECC61F9CD01F008327FB /* Sources */,
				7C9FECC71F9CD01F008327FB /* Frameworks */,
				7C9FECC81F9CD01F008327FB /* Resources */,
				623221E61448A10EFA126B69 /* [CP] Embed Pods Frameworks */,
				31D660754FCE08A3BE2727FE /* [CP] Copy Pods Resources */,
			);
			buildRules = (
			);
			dependencies = (
				7C9FECCC1F9CD01F008327FB /* PBXTargetDependency */,
			);
			name = ChatAppTests;
			productName = ChatAppTests;
			productReference = 7C9FECCA1F9CD01F008327FB /* ChatAppTests.xctest */;
			productType = "com.apple.product-type.bundle.unit-test";
		};
		7C9FECD41F9CD01F008327FB /* ChatAppUITests */ = {
			isa = PBXNativeTarget;
			buildConfigurationList = 7C9FECE41F9CD01F008327FB /* Build configuration list for PBXNativeTarget "ChatAppUITests" */;
			buildPhases = (
				345E360E4189D0EEAC10BF51 /* [CP] Check Pods Manifest.lock */,
				7C9FECD11F9CD01F008327FB /* Sources */,
				7C9FECD21F9CD01F008327FB /* Frameworks */,
				7C9FECD31F9CD01F008327FB /* Resources */,
				5DDA9FA63718FA8FC5307775 /* [CP] Embed Pods Frameworks */,
				9011931FC73447382D2BEBC1 /* [CP] Copy Pods Resources */,
			);
			buildRules = (
			);
			dependencies = (
				7C9FECD71F9CD01F008327FB /* PBXTargetDependency */,
			);
			name = ChatAppUITests;
			productName = ChatAppUITests;
			productReference = 7C9FECD51F9CD01F008327FB /* ChatAppUITests.xctest */;
			productType = "com.apple.product-type.bundle.ui-testing";
		};
/* End PBXNativeTarget section */

/* Begin PBXProject section */
		7C9FECAE1F9CD01E008327FB /* Project object */ = {
			isa = PBXProject;
			attributes = {
				LastSwiftUpdateCheck = 0830;
				LastUpgradeCheck = 0830;
				ORGANIZATIONNAME = "Nguyen Dinh Dung";
				TargetAttributes = {
					7C9FECB51F9CD01E008327FB = {
						CreatedOnToolsVersion = 8.3.3;
						DevelopmentTeam = 46W25C8KDG;
						ProvisioningStyle = Manual;
						SystemCapabilities = {
							com.apple.BackgroundModes = {
								enabled = 1;
							};
							com.apple.InterAppAudio = {
								enabled = 0;
							};
							com.apple.Keychain = {
								enabled = 1;
							};
							com.apple.Push = {
								enabled = 1;
							};
						};
					};
					7C9FECC91F9CD01F008327FB = {
						CreatedOnToolsVersion = 8.3.3;
						DevelopmentTeam = T8UZ5C7N29;
						ProvisioningStyle = Automatic;
						TestTargetID = 7C9FECB51F9CD01E008327FB;
					};
					7C9FECD41F9CD01F008327FB = {
						CreatedOnToolsVersion = 8.3.3;
						DevelopmentTeam = T8UZ5C7N29;
						ProvisioningStyle = Automatic;
						TestTargetID = 7C9FECB51F9CD01E008327FB;
					};
				};
			};
			buildConfigurationList = 7C9FECB11F9CD01E008327FB /* Build configuration list for PBXProject "ChatApp" */;
			compatibilityVersion = "Xcode 3.2";
			developmentRegion = English;
			hasScannedForEncodings = 0;
			knownRegions = (
				en,
				Base,
			);
			mainGroup = 7C9FECAD1F9CD01E008327FB;
			productRefGroup = 7C9FECB71F9CD01E008327FB /* Products */;
			projectDirPath = "";
			projectRoot = "";
			targets = (
				7C9FECB51F9CD01E008327FB /* ChatApp */,
				7C9FECC91F9CD01F008327FB /* ChatAppTests */,
				7C9FECD41F9CD01F008327FB /* ChatAppUITests */,
			);
		};
/* End PBXProject section */

/* Begin PBXResourcesBuildPhase section */
		7C9FECB41F9CD01E008327FB /* Resources */ = {
			isa = PBXResourcesBuildPhase;
			buildActionMask = 2147483647;
			files = (
				166C850D1FDE9E9000FBCAEB /* GoogleService-Info.plist in Resources */,
				166C85021FDE9DEC00FBCAEB /* Assets.xcassets in Resources */,
				166C850E1FDE9E9000FBCAEB /* Info.plist in Resources */,
				166C85131FDE9FC900FBCAEB /* LaunchScreen.storyboard in Resources */,
				166C85121FDE9FC900FBCAEB /* Main.storyboard in Resources */,
			);
			runOnlyForDeploymentPostprocessing = 0;
		};
		7C9FECC81F9CD01F008327FB /* Resources */ = {
			isa = PBXResourcesBuildPhase;
			buildActionMask = 2147483647;
			files = (
			);
			runOnlyForDeploymentPostprocessing = 0;
		};
		7C9FECD31F9CD01F008327FB /* Resources */ = {
			isa = PBXResourcesBuildPhase;
			buildActionMask = 2147483647;
			files = (
			);
			runOnlyForDeploymentPostprocessing = 0;
		};
/* End PBXResourcesBuildPhase section */

/* Begin PBXShellScriptBuildPhase section */
		31D660754FCE08A3BE2727FE /* [CP] Copy Pods Resources */ = {
			isa = PBXShellScriptBuildPhase;
			buildActionMask = 2147483647;
			files = (
			);
			inputPaths = (
			);
			name = "[CP] Copy Pods Resources";
			outputPaths = (
			);
			runOnlyForDeploymentPostprocessing = 0;
			shellPath = /bin/sh;
			shellScript = "\"${SRCROOT}/Pods/Target Support Files/Pods-ChatAppTests/Pods-ChatAppTests-resources.sh\"\n";
			showEnvVarsInLog = 0;
		};
		345E360E4189D0EEAC10BF51 /* [CP] Check Pods Manifest.lock */ = {
			isa = PBXShellScriptBuildPhase;
			buildActionMask = 2147483647;
			files = (
			);
			inputPaths = (
				"${PODS_PODFILE_DIR_PATH}/Podfile.lock",
				"${PODS_ROOT}/Manifest.lock",
			);
			name = "[CP] Check Pods Manifest.lock";
			outputPaths = (
				"$(DERIVED_FILE_DIR)/Pods-ChatAppUITests-checkManifestLockResult.txt",
			);
			runOnlyForDeploymentPostprocessing = 0;
			shellPath = /bin/sh;
			shellScript = "diff \"${PODS_PODFILE_DIR_PATH}/Podfile.lock\" \"${PODS_ROOT}/Manifest.lock\" > /dev/null\nif [ $? != 0 ] ; then\n    # print error to STDERR\n    echo \"error: The sandbox is not in sync with the Podfile.lock. Run 'pod install' or update your CocoaPods installation.\" >&2\n    exit 1\nfi\n# This output is used by Xcode 'outputs' to avoid re-running this script phase.\necho \"SUCCESS\" > \"${SCRIPT_OUTPUT_FILE_0}\"\n";
			showEnvVarsInLog = 0;
		};
		3E7D6D2208CD9BA21269573B /* [CP] Embed Pods Frameworks */ = {
			isa = PBXShellScriptBuildPhase;
			buildActionMask = 2147483647;
			files = (
			);
			inputPaths = (
				"${SRCROOT}/Pods/Target Support Files/Pods-ChatApp/Pods-ChatApp-frameworks.sh",
				"${BUILT_PRODUCTS_DIR}/Alamofire/Alamofire.framework",
				"${BUILT_PRODUCTS_DIR}/Bolts/Bolts.framework",
				"${BUILT_PRODUCTS_DIR}/FBSDKCoreKit/FBSDKCoreKit.framework",
				"${BUILT_PRODUCTS_DIR}/FBSDKLoginKit/FBSDKLoginKit.framework",
				"${BUILT_PRODUCTS_DIR}/FBSDKShareKit/FBSDKShareKit.framework",
				"${BUILT_PRODUCTS_DIR}/GTMSessionFetcher/GTMSessionFetcher.framework",
				"${BUILT_PRODUCTS_DIR}/GoogleToolboxForMac/GoogleToolboxForMac.framework",
				"${BUILT_PRODUCTS_DIR}/LBTAComponents/LBTAComponents.framework",
				"${BUILT_PRODUCTS_DIR}/Protobuf/Protobuf.framework",
				"${BUILT_PRODUCTS_DIR}/SVProgressHUD/SVProgressHUD.framework",
				"${BUILT_PRODUCTS_DIR}/SwiftyJSON/SwiftyJSON.framework",
				"${BUILT_PRODUCTS_DIR}/TRON/TRON.framework",
				"${BUILT_PRODUCTS_DIR}/leveldb-library/leveldb.framework",
				"${BUILT_PRODUCTS_DIR}/nanopb/nanopb.framework",
			);
			name = "[CP] Embed Pods Frameworks";
			outputPaths = (
				"${TARGET_BUILD_DIR}/${FRAMEWORKS_FOLDER_PATH}/Alamofire.framework",
				"${TARGET_BUILD_DIR}/${FRAMEWORKS_FOLDER_PATH}/Bolts.framework",
				"${TARGET_BUILD_DIR}/${FRAMEWORKS_FOLDER_PATH}/FBSDKCoreKit.framework",
				"${TARGET_BUILD_DIR}/${FRAMEWORKS_FOLDER_PATH}/FBSDKLoginKit.framework",
				"${TARGET_BUILD_DIR}/${FRAMEWORKS_FOLDER_PATH}/FBSDKShareKit.framework",
				"${TARGET_BUILD_DIR}/${FRAMEWORKS_FOLDER_PATH}/GTMSessionFetcher.framework",
				"${TARGET_BUILD_DIR}/${FRAMEWORKS_FOLDER_PATH}/GoogleToolboxForMac.framework",
				"${TARGET_BUILD_DIR}/${FRAMEWORKS_FOLDER_PATH}/LBTAComponents.framework",
				"${TARGET_BUILD_DIR}/${FRAMEWORKS_FOLDER_PATH}/Protobuf.framework",
				"${TARGET_BUILD_DIR}/${FRAMEWORKS_FOLDER_PATH}/SVProgressHUD.framework",
				"${TARGET_BUILD_DIR}/${FRAMEWORKS_FOLDER_PATH}/SwiftyJSON.framework",
				"${TARGET_BUILD_DIR}/${FRAMEWORKS_FOLDER_PATH}/TRON.framework",
				"${TARGET_BUILD_DIR}/${FRAMEWORKS_FOLDER_PATH}/leveldb.framework",
				"${TARGET_BUILD_DIR}/${FRAMEWORKS_FOLDER_PATH}/nanopb.framework",
			);
			runOnlyForDeploymentPostprocessing = 0;
			shellPath = /bin/sh;
			shellScript = "\"${SRCROOT}/Pods/Target Support Files/Pods-ChatApp/Pods-ChatApp-frameworks.sh\"\n";
			showEnvVarsInLog = 0;
		};
		5DDA9FA63718FA8FC5307775 /* [CP] Embed Pods Frameworks */ = {
			isa = PBXShellScriptBuildPhase;
			buildActionMask = 2147483647;
			files = (
			);
			inputPaths = (
			);
			name = "[CP] Embed Pods Frameworks";
			outputPaths = (
			);
			runOnlyForDeploymentPostprocessing = 0;
			shellPath = /bin/sh;
			shellScript = "\"${SRCROOT}/Pods/Target Support Files/Pods-ChatAppUITests/Pods-ChatAppUITests-frameworks.sh\"\n";
			showEnvVarsInLog = 0;
		};
		623221E61448A10EFA126B69 /* [CP] Embed Pods Frameworks */ = {
			isa = PBXShellScriptBuildPhase;
			buildActionMask = 2147483647;
			files = (
			);
			inputPaths = (
			);
			name = "[CP] Embed Pods Frameworks";
			outputPaths = (
			);
			runOnlyForDeploymentPostprocessing = 0;
			shellPath = /bin/sh;
			shellScript = "\"${SRCROOT}/Pods/Target Support Files/Pods-ChatAppTests/Pods-ChatAppTests-frameworks.sh\"\n";
			showEnvVarsInLog = 0;
		};
		9011931FC73447382D2BEBC1 /* [CP] Copy Pods Resources */ = {
			isa = PBXShellScriptBuildPhase;
			buildActionMask = 2147483647;
			files = (
			);
			inputPaths = (
			);
			name = "[CP] Copy Pods Resources";
			outputPaths = (
			);
			runOnlyForDeploymentPostprocessing = 0;
			shellPath = /bin/sh;
			shellScript = "\"${SRCROOT}/Pods/Target Support Files/Pods-ChatAppUITests/Pods-ChatAppUITests-resources.sh\"\n";
			showEnvVarsInLog = 0;
		};
		A56E4A9348AEFA818006864D /* [CP] Check Pods Manifest.lock */ = {
			isa = PBXShellScriptBuildPhase;
			buildActionMask = 2147483647;
			files = (
			);
			inputPaths = (
				"${PODS_PODFILE_DIR_PATH}/Podfile.lock",
				"${PODS_ROOT}/Manifest.lock",
			);
			name = "[CP] Check Pods Manifest.lock";
			outputPaths = (
				"$(DERIVED_FILE_DIR)/Pods-ChatAppTests-checkManifestLockResult.txt",
			);
			runOnlyForDeploymentPostprocessing = 0;
			shellPath = /bin/sh;
			shellScript = "diff \"${PODS_PODFILE_DIR_PATH}/Podfile.lock\" \"${PODS_ROOT}/Manifest.lock\" > /dev/null\nif [ $? != 0 ] ; then\n    # print error to STDERR\n    echo \"error: The sandbox is not in sync with the Podfile.lock. Run 'pod install' or update your CocoaPods installation.\" >&2\n    exit 1\nfi\n# This output is used by Xcode 'outputs' to avoid re-running this script phase.\necho \"SUCCESS\" > \"${SCRIPT_OUTPUT_FILE_0}\"\n";
			showEnvVarsInLog = 0;
		};
		B29064B0869661F8AEEF6E50 /* [CP] Check Pods Manifest.lock */ = {
			isa = PBXShellScriptBuildPhase;
			buildActionMask = 2147483647;
			files = (
			);
			inputPaths = (
				"${PODS_PODFILE_DIR_PATH}/Podfile.lock",
				"${PODS_ROOT}/Manifest.lock",
			);
			name = "[CP] Check Pods Manifest.lock";
			outputPaths = (
				"$(DERIVED_FILE_DIR)/Pods-ChatApp-checkManifestLockResult.txt",
			);
			runOnlyForDeploymentPostprocessing = 0;
			shellPath = /bin/sh;
			shellScript = "diff \"${PODS_PODFILE_DIR_PATH}/Podfile.lock\" \"${PODS_ROOT}/Manifest.lock\" > /dev/null\nif [ $? != 0 ] ; then\n    # print error to STDERR\n    echo \"error: The sandbox is not in sync with the Podfile.lock. Run 'pod install' or update your CocoaPods installation.\" >&2\n    exit 1\nfi\n# This output is used by Xcode 'outputs' to avoid re-running this script phase.\necho \"SUCCESS\" > \"${SCRIPT_OUTPUT_FILE_0}\"\n";
			showEnvVarsInLog = 0;
		};
		FBCB1A75E0D7E7E2EC49645E /* [CP] Copy Pods Resources */ = {
			isa = PBXShellScriptBuildPhase;
			buildActionMask = 2147483647;
			files = (
			);
			inputPaths = (
				"${SRCROOT}/Pods/Target Support Files/Pods-ChatApp/Pods-ChatApp-resources.sh",
				"${PODS_ROOT}/GoogleMaps/Maps/Frameworks/GoogleMaps.framework/Resources/GoogleMaps.bundle",
				"${PODS_ROOT}/GooglePlaces/Frameworks/GooglePlaces.framework/Resources/GooglePlaces.bundle",
			);
			name = "[CP] Copy Pods Resources";
			outputPaths = (
				"${TARGET_BUILD_DIR}/${UNLOCALIZED_RESOURCES_FOLDER_PATH}",
			);
			runOnlyForDeploymentPostprocessing = 0;
			shellPath = /bin/sh;
			shellScript = "\"${SRCROOT}/Pods/Target Support Files/Pods-ChatApp/Pods-ChatApp-resources.sh\"\n";
			showEnvVarsInLog = 0;
		};
/* End PBXShellScriptBuildPhase section */

/* Begin PBXSourcesBuildPhase section */
		7C9FECB21F9CD01E008327FB /* Sources */ = {
			isa = PBXSourcesBuildPhase;
			buildActionMask = 2147483647;
			files = (
				166C84D81FDE9DA600FBCAEB /* PhotoLibraryController.swift in Sources */,
				166C84D51FDE9DA600FBCAEB /* MessageController.swift in Sources */,
				166C84D21FDE9DA600FBCAEB /* AppDelegate.swift in Sources */,
				166C84F41FDE9DA600FBCAEB /* Group.swift in Sources */,
				166C84E31FDE9DA600FBCAEB /* ChatLogControllerHandler.swift in Sources */,
				166C84ED1FDE9DA600FBCAEB /* UserCell.swift in Sources */,
				166C84E21FDE9DA600FBCAEB /* UserPhotosCollectionController.swift in Sources */,
				166C84CF1FDE9DA600FBCAEB /* Extension.swift in Sources */,
				166C84F11FDE9DA600FBCAEB /* VideoLauncher.swift in Sources */,
				166C84FB1FDE9DA700FBCAEB /* RegisterGroupController.swift in Sources */,
				166C84E71FDE9DA600FBCAEB /* GroupListController.swift in Sources */,
				166C84D71FDE9DA600FBCAEB /* ChatLogControllerHandler2.swift in Sources */,
				166C84D31FDE9DA600FBCAEB /* TabBarController.swift in Sources */,
				166C84D11FDE9DA600FBCAEB /* StatusPhotosController.swift in Sources */,
				166C84DC1FDE9DA600FBCAEB /* PhotoLibrarycell.swift in Sources */,
				166C84FF1FDE9DA700FBCAEB /* TweetUser.swift in Sources */,
				166C84EB1FDE9DA600FBCAEB /* FireBaseManager.swift in Sources */,
				166C84DA1FDE9DA600FBCAEB /* ChatLogController.swift in Sources */,
				166C84DD1FDE9DA600FBCAEB /* ActivityCell.swift in Sources */,
				166C84FA1FDE9DA600FBCAEB /* AudioRecordedController.swift in Sources */,
				166C84E81FDE9DA600FBCAEB /* HomeController.swift in Sources */,
				166C85001FDE9DA700FBCAEB /* UserStatus.swift in Sources */,
				166C84F61FDE9DA600FBCAEB /* Video.swift in Sources */,
				166C84F31FDE9DA600FBCAEB /* Tweet.swift in Sources */,
				166C84D01FDE9DA600FBCAEB /* UserProfileController.swift in Sources */,
				166C84D61FDE9DA600FBCAEB /* HomeDatasources.swift in Sources */,
				166C84D91FDE9DA600FBCAEB /* LogginControllerHandler.swift in Sources */,
				166C84DF1FDE9DA600FBCAEB /* SettingLauncherController.swift in Sources */,
				166C84F91FDE9DA600FBCAEB /* MessageDetailController.swift in Sources */,
				166C84EC1FDE9DA600FBCAEB /* GoogleMapViewController.swift in Sources */,
				166C84FC1FDE9DA700FBCAEB /* FriendListController.swift in Sources */,
				166C84FE1FDE9DA700FBCAEB /* Activity.swift in Sources */,
				166C84CE1FDE9DA600FBCAEB /* ActivityUser.swift in Sources */,
				166C84CD1FDE9DA600FBCAEB /* ActivityUserCell.swift in Sources */,
				166C84EA1FDE9DA600FBCAEB /* VideoCell.swift in Sources */,
				166C84E01FDE9DA600FBCAEB /* Message.swift in Sources */,
				166C84981FDE9D2C00FBCAEB /* UserHeaderFooter.swift in Sources */,
				166C84F51FDE9DA600FBCAEB /* TabBarItem2Controller.swift in Sources */,
				166C84DB1FDE9DA600FBCAEB /* ChatLogControllerHandler3.swift in Sources */,
				166C84E61FDE9DA600FBCAEB /* YoutubeViewController.swift in Sources */,
				166C84FD1FDE9DA700FBCAEB /* StatusANDPhotosController.swift in Sources */,
				166C84F81FDE9DA600FBCAEB /* UserStatusCollectionController.swift in Sources */,
				166C84E11FDE9DA600FBCAEB /* HomeDataSourceController.swift in Sources */,
				166C84E41FDE9DA600FBCAEB /* PageViewController.swift in Sources */,
				166C84DE1FDE9DA600FBCAEB /* SettingCell.swift in Sources */,
				166C84EF1FDE9DA600FBCAEB /* User.swift in Sources */,
				166C84F71FDE9DA600FBCAEB /* WritingStatusController.swift in Sources */,
				166C84E51FDE9DA600FBCAEB /* PhotoLocationController.swift in Sources */,
				166C84F21FDE9DA600FBCAEB /* ChatMessageCell.swift in Sources */,
				166C84D41FDE9DA600FBCAEB /* MyProfileController.swift in Sources */,
				166C84EE1FDE9DA600FBCAEB /* LoginController.swift in Sources */,
			);
			runOnlyForDeploymentPostprocessing = 0;
		};
		7C9FECC61F9CD01F008327FB /* Sources */ = {
			isa = PBXSourcesBuildPhase;
			buildActionMask = 2147483647;
			files = (
				7C9FECCF1F9CD01F008327FB /* ChatAppTests.swift in Sources */,
			);
			runOnlyForDeploymentPostprocessing = 0;
		};
		7C9FECD11F9CD01F008327FB /* Sources */ = {
			isa = PBXSourcesBuildPhase;
			buildActionMask = 2147483647;
			files = (
				7C9FECDA1F9CD01F008327FB /* ChatAppUITests.swift in Sources */,
			);
			runOnlyForDeploymentPostprocessing = 0;
		};
/* End PBXSourcesBuildPhase section */

/* Begin PBXTargetDependency section */
		7C9FECCC1F9CD01F008327FB /* PBXTargetDependency */ = {
			isa = PBXTargetDependency;
			target = 7C9FECB51F9CD01E008327FB /* ChatApp */;
			targetProxy = 7C9FECCB1F9CD01F008327FB /* PBXContainerItemProxy */;
		};
		7C9FECD71F9CD01F008327FB /* PBXTargetDependency */ = {
			isa = PBXTargetDependency;
			target = 7C9FECB51F9CD01E008327FB /* ChatApp */;
			targetProxy = 7C9FECD61F9CD01F008327FB /* PBXContainerItemProxy */;
		};
/* End PBXTargetDependency section */

/* Begin XCBuildConfiguration section */
		7C9FECDC1F9CD01F008327FB /* Debug */ = {
			isa = XCBuildConfiguration;
			buildSettings = {
				ALWAYS_SEARCH_USER_PATHS = NO;
				CLANG_ANALYZER_NONNULL = YES;
				CLANG_ANALYZER_NUMBER_OBJECT_CONVERSION = YES_AGGRESSIVE;
				CLANG_CXX_LANGUAGE_STANDARD = "gnu++0x";
				CLANG_CXX_LIBRARY = "libc++";
				CLANG_ENABLE_MODULES = YES;
				CLANG_ENABLE_OBJC_ARC = YES;
				CLANG_WARN_BOOL_CONVERSION = YES;
				CLANG_WARN_CONSTANT_CONVERSION = YES;
				CLANG_WARN_DIRECT_OBJC_ISA_USAGE = YES_ERROR;
				CLANG_WARN_DOCUMENTATION_COMMENTS = YES;
				CLANG_WARN_EMPTY_BODY = YES;
				CLANG_WARN_ENUM_CONVERSION = YES;
				CLANG_WARN_INFINITE_RECURSION = YES;
				CLANG_WARN_INT_CONVERSION = YES;
				CLANG_WARN_OBJC_ROOT_CLASS = YES_ERROR;
				CLANG_WARN_SUSPICIOUS_MOVE = YES;
				CLANG_WARN_UNREACHABLE_CODE = YES;
				CLANG_WARN__DUPLICATE_METHOD_MATCH = YES;
				"CODE_SIGN_IDENTITY[sdk=iphoneos*]" = "iPhone Developer";
				COPY_PHASE_STRIP = NO;
				DEBUG_INFORMATION_FORMAT = dwarf;
				ENABLE_STRICT_OBJC_MSGSEND = YES;
				ENABLE_TESTABILITY = YES;
				GCC_C_LANGUAGE_STANDARD = gnu99;
				GCC_DYNAMIC_NO_PIC = NO;
				GCC_NO_COMMON_BLOCKS = YES;
				GCC_OPTIMIZATION_LEVEL = 0;
				GCC_PREPROCESSOR_DEFINITIONS = (
					"DEBUG=1",
					"$(inherited)",
				);
				GCC_WARN_64_TO_32_BIT_CONVERSION = YES;
				GCC_WARN_ABOUT_RETURN_TYPE = YES_ERROR;
				GCC_WARN_UNDECLARED_SELECTOR = YES;
				GCC_WARN_UNINITIALIZED_AUTOS = YES_AGGRESSIVE;
				GCC_WARN_UNUSED_FUNCTION = YES;
				GCC_WARN_UNUSED_VARIABLE = YES;
				IPHONEOS_DEPLOYMENT_TARGET = 10.3;
				MTL_ENABLE_DEBUG_INFO = YES;
				ONLY_ACTIVE_ARCH = YES;
				SDKROOT = iphoneos;
				SWIFT_ACTIVE_COMPILATION_CONDITIONS = DEBUG;
				SWIFT_OPTIMIZATION_LEVEL = "-Onone";
			};
			name = Debug;
		};
		7C9FECDD1F9CD01F008327FB /* Release */ = {
			isa = XCBuildConfiguration;
			buildSettings = {
				ALWAYS_SEARCH_USER_PATHS = NO;
				CLANG_ANALYZER_NONNULL = YES;
				CLANG_ANALYZER_NUMBER_OBJECT_CONVERSION = YES_AGGRESSIVE;
				CLANG_CXX_LANGUAGE_STANDARD = "gnu++0x";
				CLANG_CXX_LIBRARY = "libc++";
				CLANG_ENABLE_MODULES = YES;
				CLANG_ENABLE_OBJC_ARC = YES;
				CLANG_WARN_BOOL_CONVERSION = YES;
				CLANG_WARN_CONSTANT_CONVERSION = YES;
				CLANG_WARN_DIRECT_OBJC_ISA_USAGE = YES_ERROR;
				CLANG_WARN_DOCUMENTATION_COMMENTS = YES;
				CLANG_WARN_EMPTY_BODY = YES;
				CLANG_WARN_ENUM_CONVERSION = YES;
				CLANG_WARN_INFINITE_RECURSION = YES;
				CLANG_WARN_INT_CONVERSION = YES;
				CLANG_WARN_OBJC_ROOT_CLASS = YES_ERROR;
				CLANG_WARN_SUSPICIOUS_MOVE = YES;
				CLANG_WARN_UNREACHABLE_CODE = YES;
				CLANG_WARN__DUPLICATE_METHOD_MATCH = YES;
				"CODE_SIGN_IDENTITY[sdk=iphoneos*]" = "iPhone Developer";
				COPY_PHASE_STRIP = NO;
				DEBUG_INFORMATION_FORMAT = "dwarf-with-dsym";
				ENABLE_NS_ASSERTIONS = NO;
				ENABLE_STRICT_OBJC_MSGSEND = YES;
				GCC_C_LANGUAGE_STANDARD = gnu99;
				GCC_NO_COMMON_BLOCKS = YES;
				GCC_WARN_64_TO_32_BIT_CONVERSION = YES;
				GCC_WARN_ABOUT_RETURN_TYPE = YES_ERROR;
				GCC_WARN_UNDECLARED_SELECTOR = YES;
				GCC_WARN_UNINITIALIZED_AUTOS = YES_AGGRESSIVE;
				GCC_WARN_UNUSED_FUNCTION = YES;
				GCC_WARN_UNUSED_VARIABLE = YES;
				IPHONEOS_DEPLOYMENT_TARGET = 10.3;
				MTL_ENABLE_DEBUG_INFO = NO;
				SDKROOT = iphoneos;
				SWIFT_OPTIMIZATION_LEVEL = "-Owholemodule";
				VALIDATE_PRODUCT = YES;
			};
			name = Release;
		};
		7C9FECDF1F9CD01F008327FB /* Debug */ = {
			isa = XCBuildConfiguration;
			baseConfigurationReference = B38BA8847E4BF1C8E29E1E4F /* Pods-ChatApp.debug.xcconfig */;
			buildSettings = {
				ASSETCATALOG_COMPILER_APPICON_NAME = AppIcon;
				CODE_SIGN_ENTITLEMENTS = ChatApp/ChatApp.entitlements;
				"CODE_SIGN_IDENTITY[sdk=iphoneos*]" = "iPhone Distribution";
				CODE_SIGN_STYLE = Manual;
				DEVELOPMENT_TEAM = 46W25C8KDG;
				INFOPLIST_FILE = ChatApp/Info.plist;
				IPHONEOS_DEPLOYMENT_TARGET = 10.3;
				LD_RUNPATH_SEARCH_PATHS = "$(inherited) @executable_path/Frameworks";
				PRODUCT_BUNDLE_IDENTIFIER = com.ominext.chatapp;
				PRODUCT_NAME = "$(TARGET_NAME)";
				PROVISIONING_PROFILE = "54302400-5e79-4043-8ff1-af4cba255936";
				PROVISIONING_PROFILE_SPECIFIER = CHAT_APP_ADHOC;
				SWIFT_VERSION = 3.0;
				TARGETED_DEVICE_FAMILY = 1;
			};
			name = Debug;
		};
		7C9FECE01F9CD01F008327FB /* Release */ = {
			isa = XCBuildConfiguration;
			baseConfigurationReference = 015D7E884C2F7729F4A282D7 /* Pods-ChatApp.release.xcconfig */;
			buildSettings = {
				ASSETCATALOG_COMPILER_APPICON_NAME = AppIcon;
				CODE_SIGN_ENTITLEMENTS = ChatApp/ChatApp.entitlements;
				"CODE_SIGN_IDENTITY[sdk=iphoneos*]" = "iPhone Distribution";
				CODE_SIGN_STYLE = Manual;
				DEVELOPMENT_TEAM = 46W25C8KDG;
				INFOPLIST_FILE = ChatApp/Info.plist;
				IPHONEOS_DEPLOYMENT_TARGET = 10.3;
				LD_RUNPATH_SEARCH_PATHS = "$(inherited) @executable_path/Frameworks";
				PRODUCT_BUNDLE_IDENTIFIER = com.ominext.chatapp;
				PRODUCT_NAME = "$(TARGET_NAME)";
				PROVISIONING_PROFILE = "54302400-5e79-4043-8ff1-af4cba255936";
				PROVISIONING_PROFILE_SPECIFIER = CHAT_APP_ADHOC;
				SWIFT_VERSION = 3.0;
				TARGETED_DEVICE_FAMILY = 1;
			};
			name = Release;
		};
		7C9FECE21F9CD01F008327FB /* Debug */ = {
			isa = XCBuildConfiguration;
			baseConfigurationReference = E0F70FE9756B3E0FE8E023D2 /* Pods-ChatAppTests.debug.xcconfig */;
			buildSettings = {
				ALWAYS_EMBED_SWIFT_STANDARD_LIBRARIES = YES;
				BUNDLE_LOADER = "$(TEST_HOST)";
				DEVELOPMENT_TEAM = T8UZ5C7N29;
				INFOPLIST_FILE = ChatAppTests/Info.plist;
				LD_RUNPATH_SEARCH_PATHS = "$(inherited) @executable_path/Frameworks @loader_path/Frameworks";
				PRODUCT_BUNDLE_IDENTIFIER = Ominext.ChatAppTests;
				PRODUCT_NAME = "$(TARGET_NAME)";
				SWIFT_VERSION = 3.0;
				TEST_HOST = "$(BUILT_PRODUCTS_DIR)/ChatApp.app/ChatApp";
			};
			name = Debug;
		};
		7C9FECE31F9CD01F008327FB /* Release */ = {
			isa = XCBuildConfiguration;
			baseConfigurationReference = 43522C1DB0BFE4C87F297001 /* Pods-ChatAppTests.release.xcconfig */;
			buildSettings = {
				ALWAYS_EMBED_SWIFT_STANDARD_LIBRARIES = YES;
				BUNDLE_LOADER = "$(TEST_HOST)";
				DEVELOPMENT_TEAM = T8UZ5C7N29;
				INFOPLIST_FILE = ChatAppTests/Info.plist;
				LD_RUNPATH_SEARCH_PATHS = "$(inherited) @executable_path/Frameworks @loader_path/Frameworks";
				PRODUCT_BUNDLE_IDENTIFIER = Ominext.ChatAppTests;
				PRODUCT_NAME = "$(TARGET_NAME)";
				SWIFT_VERSION = 3.0;
				TEST_HOST = "$(BUILT_PRODUCTS_DIR)/ChatApp.app/ChatApp";
			};
			name = Release;
		};
		7C9FECE51F9CD01F008327FB /* Debug */ = {
			isa = XCBuildConfiguration;
			baseConfigurationReference = B390D7513FF82477ABF9DA44 /* Pods-ChatAppUITests.debug.xcconfig */;
			buildSettings = {
				ALWAYS_EMBED_SWIFT_STANDARD_LIBRARIES = YES;
				DEVELOPMENT_TEAM = T8UZ5C7N29;
				INFOPLIST_FILE = ChatAppUITests/Info.plist;
				LD_RUNPATH_SEARCH_PATHS = "$(inherited) @executable_path/Frameworks @loader_path/Frameworks";
				PRODUCT_BUNDLE_IDENTIFIER = Ominext.ChatAppUITests;
				PRODUCT_NAME = "$(TARGET_NAME)";
				SWIFT_VERSION = 3.0;
				TEST_TARGET_NAME = ChatApp;
			};
			name = Debug;
		};
		7C9FECE61F9CD01F008327FB /* Release */ = {
			isa = XCBuildConfiguration;
			baseConfigurationReference = 39342A728C9C5464FB75E006 /* Pods-ChatAppUITests.release.xcconfig */;
			buildSettings = {
				ALWAYS_EMBED_SWIFT_STANDARD_LIBRARIES = YES;
				DEVELOPMENT_TEAM = T8UZ5C7N29;
				INFOPLIST_FILE = ChatAppUITests/Info.plist;
				LD_RUNPATH_SEARCH_PATHS = "$(inherited) @executable_path/Frameworks @loader_path/Frameworks";
				PRODUCT_BUNDLE_IDENTIFIER = Ominext.ChatAppUITests;
				PRODUCT_NAME = "$(TARGET_NAME)";
				SWIFT_VERSION = 3.0;
				TEST_TARGET_NAME = ChatApp;
			};
			name = Release;
		};
/* End XCBuildConfiguration section */

/* Begin XCConfigurationList section */
		7C9FECB11F9CD01E008327FB /* Build configuration list for PBXProject "ChatApp" */ = {
			isa = XCConfigurationList;
			buildConfigurations = (
				7C9FECDC1F9CD01F008327FB /* Debug */,
				7C9FECDD1F9CD01F008327FB /* Release */,
			);
			defaultConfigurationIsVisible = 0;
			defaultConfigurationName = Release;
		};
		7C9FECDE1F9CD01F008327FB /* Build configuration list for PBXNativeTarget "ChatApp" */ = {
			isa = XCConfigurationList;
			buildConfigurations = (
				7C9FECDF1F9CD01F008327FB /* Debug */,
				7C9FECE01F9CD01F008327FB /* Release */,
			);
			defaultConfigurationIsVisible = 0;
			defaultConfigurationName = Release;
		};
		7C9FECE11F9CD01F008327FB /* Build configuration list for PBXNativeTarget "ChatAppTests" */ = {
			isa = XCConfigurationList;
			buildConfigurations = (
				7C9FECE21F9CD01F008327FB /* Debug */,
				7C9FECE31F9CD01F008327FB /* Release */,
			);
			defaultConfigurationIsVisible = 0;
			defaultConfigurationName = Release;
		};
		7C9FECE41F9CD01F008327FB /* Build configuration list for PBXNativeTarget "ChatAppUITests" */ = {
			isa = XCConfigurationList;
			buildConfigurations = (
				7C9FECE51F9CD01F008327FB /* Debug */,
				7C9FECE61F9CD01F008327FB /* Release */,
			);
			defaultConfigurationIsVisible = 0;
			defaultConfigurationName = Release;
		};
/* End XCConfigurationList section */
	};
	rootObject = 7C9FECAE1F9CD01E008327FB /* Project object */;
}
